// !$*UTF8*$!
{
	archiveVersion = 1;
	classes = {
	};
	objectVersion = 46;
	objects = {

/* Begin PBXBuildFile section */
		B87F30BA1A98F9A100A6395B /* main.m in Sources */ = {isa = PBXBuildFile; fileRef = B87F30B91A98F9A100A6395B /* main.m */; };
		B87F30BD1A98F9A100A6395B /* AppDelegate.m in Sources */ = {isa = PBXBuildFile; fileRef = B87F30BC1A98F9A100A6395B /* AppDelegate.m */; };
		B87F30C01A98F9A100A6395B /* ViewController.m in Sources */ = {isa = PBXBuildFile; fileRef = B87F30BF1A98F9A100A6395B /* ViewController.m */; };
		B87F30C51A98F9A100A6395B /* Images.xcassets in Resources */ = {isa = PBXBuildFile; fileRef = B87F30C41A98F9A100A6395B /* Images.xcassets */; };
		B87F30C81A98F9A100A6395B /* LaunchScreen.xib in Resources */ = {isa = PBXBuildFile; fileRef = B87F30C61A98F9A100A6395B /* LaunchScreen.xib */; };
		B87F30D41A98F9A100A6395B /* TannnTests.m in Sources */ = {isa = PBXBuildFile; fileRef = B87F30D31A98F9A100A6395B /* TannnTests.m */; };
		B87F30DF1A98FA0600A6395B /* FirstViewController.m in Sources */ = {isa = PBXBuildFile; fileRef = B87F30DE1A98FA0600A6395B /* FirstViewController.m */; };
		B87F30E21A98FA0D00A6395B /* SecondViewController.m in Sources */ = {isa = PBXBuildFile; fileRef = B87F30E11A98FA0D00A6395B /* SecondViewController.m */; };
		B87F30E81A98FC4400A6395B /* TabViewController.m in Sources */ = {isa = PBXBuildFile; fileRef = B87F30E71A98FC4400A6395B /* TabViewController.m */; };
/* End PBXBuildFile section */

/* Begin PBXContainerItemProxy section */
		B87F30CE1A98F9A100A6395B /* PBXContainerItemProxy */ = {
			isa = PBXContainerItemProxy;
			containerPortal = B87F30AC1A98F9A100A6395B /* Project object */;
			proxyType = 1;
			remoteGlobalIDString = B87F30B31A98F9A100A6395B;
			remoteInfo = Tannn;
		};
/* End PBXContainerItemProxy section */

/* Begin PBXFileReference section */
		B87F30B41A98F9A100A6395B /* Tannn.app */ = {isa = PBXFileReference; explicitFileType = wrapper.application; includeInIndex = 0; path = Tannn.app; sourceTree = BUILT_PRODUCTS_DIR; };
		B87F30B81A98F9A100A6395B /* Info.plist */ = {isa = PBXFileReference; lastKnownFileType = text.plist.xml; path = Info.plist; sourceTree = "<group>"; };
		B87F30B91A98F9A100A6395B /* main.m */ = {isa = PBXFileReference; lastKnownFileType = sourcecode.c.objc; path = main.m; sourceTree = "<group>"; };
		B87F30BB1A98F9A100A6395B /* AppDelegate.h */ = {isa = PBXFileReference; lastKnownFileType = sourcecode.c.h; path = AppDelegate.h; sourceTree = "<group>"; };
		B87F30BC1A98F9A100A6395B /* AppDelegate.m */ = {isa = PBXFileReference; lastKnownFileType = sourcecode.c.objc; path = AppDelegate.m; sourceTree = "<group>"; };
		B87F30BE1A98F9A100A6395B /* ViewController.h */ = {isa = PBXFileReference; lastKnownFileType = sourcecode.c.h; path = ViewController.h; sourceTree = "<group>"; };
		B87F30BF1A98F9A100A6395B /* ViewController.m */ = {isa = PBXFileReference; lastKnownFileType = sourcecode.c.objc; path = ViewController.m; sourceTree = "<group>"; };
		B87F30C41A98F9A100A6395B /* Images.xcassets */ = {isa = PBXFileReference; lastKnownFileType = folder.assetcatalog; path = Images.xcassets; sourceTree = "<group>"; };
		B87F30C71A98F9A100A6395B /* Base */ = {isa = PBXFileReference; lastKnownFileType = file.xib; name = Base; path = Base.lproj/LaunchScreen.xib; sourceTree = "<group>"; };
		B87F30CD1A98F9A100A6395B /* TannnTests.xctest */ = {isa = PBXFileReference; explicitFileType = wrapper.cfbundle; includeInIndex = 0; path = TannnTests.xctest; sourceTree = BUILT_PRODUCTS_DIR; };
		B87F30D21A98F9A100A6395B /* Info.plist */ = {isa = PBXFileReference; lastKnownFileType = text.plist.xml; path = Info.plist; sourceTree = "<group>"; };
		B87F30D31A98F9A100A6395B /* TannnTests.m */ = {isa = PBXFileReference; lastKnownFileType = sourcecode.c.objc; path = TannnTests.m; sourceTree = "<group>"; };
		B87F30DD1A98FA0600A6395B /* FirstViewController.h */ = {isa = PBXFileReference; fileEncoding = 4; lastKnownFileType = sourcecode.c.h; path = FirstViewController.h; sourceTree = "<group>"; };
		B87F30DE1A98FA0600A6395B /* FirstViewController.m */ = {isa = PBXFileReference; fileEncoding = 4; lastKnownFileType = sourcecode.c.objc; path = FirstViewController.m; sourceTree = "<group>"; };
		B87F30E01A98FA0D00A6395B /* SecondViewController.h */ = {isa = PBXFileReference; fileEncoding = 4; lastKnownFileType = sourcecode.c.h; path = SecondViewController.h; sourceTree = "<group>"; };
		B87F30E11A98FA0D00A6395B /* SecondViewController.m */ = {isa = PBXFileReference; fileEncoding = 4; lastKnownFileType = sourcecode.c.objc; path = SecondViewController.m; sourceTree = "<group>"; };
		B87F30E61A98FC4400A6395B /* TabViewController.h */ = {isa = PBXFileReference; fileEncoding = 4; lastKnownFileType = sourcecode.c.h; path = TabViewController.h; sourceTree = "<group>"; };
		B87F30E71A98FC4400A6395B /* TabViewController.m */ = {isa = PBXFileReference; fileEncoding = 4; lastKnownFileType = sourcecode.c.objc; path = TabViewController.m; sourceTree = "<group>"; };
/* End PBXFileReference section */

/* Begin PBXFrameworksBuildPhase section */
		B87F30B11A98F9A100A6395B /* Frameworks */ = {
			isa = PBXFrameworksBuildPhase;
			buildActionMask = 2147483647;
			files = (
			);
			runOnlyForDeploymentPostprocessing = 0;
		};
		B87F30CA1A98F9A100A6395B /* Frameworks */ = {
			isa = PBXFrameworksBuildPhase;
			buildActionMask = 2147483647;
			files = (
			);
			runOnlyForDeploymentPostprocessing = 0;
		};
/* End PBXFrameworksBuildPhase section */

/* Begin PBXGroup section */
		B87F30AB1A98F9A100A6395B = {
			isa = PBXGroup;
			children = (
				B87F30B61A98F9A100A6395B /* Tannn */,
				B87F30D01A98F9A100A6395B /* TannnTests */,
				B87F30B51A98F9A100A6395B /* Products */,
			);
			sourceTree = "<group>";
		};
		B87F30B51A98F9A100A6395B /* Products */ = {
			isa = PBXGroup;
			children = (
				B87F30B41A98F9A100A6395B /* Tannn.app */,
				B87F30CD1A98F9A100A6395B /* TannnTests.xctest */,
			);
			name = Products;
			sourceTree = "<group>";
		};
		B87F30B61A98F9A100A6395B /* Tannn */ = {
			isa = PBXGroup;
			children = (
				B87F30BB1A98F9A100A6395B /* AppDelegate.h */,
				B87F30BC1A98F9A100A6395B /* AppDelegate.m */,
				B87F30BE1A98F9A100A6395B /* ViewController.h */,
				B87F30BF1A98F9A100A6395B /* ViewController.m */,
				B87F30DD1A98FA0600A6395B /* FirstViewController.h */,
				B87F30DE1A98FA0600A6395B /* FirstViewController.m */,
				B87F30E01A98FA0D00A6395B /* SecondViewController.h */,
				B87F30E11A98FA0D00A6395B /* SecondViewController.m */,
				B87F30E61A98FC4400A6395B /* TabViewController.h */,
				B87F30E71A98FC4400A6395B /* TabViewController.m */,
				B87F30C41A98F9A100A6395B /* Images.xcassets */,
				B87F30C61A98F9A100A6395B /* LaunchScreen.xib */,
				B87F30B71A98F9A100A6395B /* Supporting Files */,
			);
			path = Tannn;
			sourceTree = "<group>";
		};
		B87F30B71A98F9A100A6395B /* Supporting Files */ = {
			isa = PBXGroup;
			children = (
				B87F30B81A98F9A100A6395B /* Info.plist */,
				B87F30B91A98F9A100A6395B /* main.m */,
			);
			name = "Supporting Files";
			sourceTree = "<group>";
		};
		B87F30D01A98F9A100A6395B /* TannnTests */ = {
			isa = PBXGroup;
			children = (
				B87F30D31A98F9A100A6395B /* TannnTests.m */,
				B87F30D11A98F9A100A6395B /* Supporting Files */,
			);
			path = TannnTests;
			sourceTree = "<group>";
		};
		B87F30D11A98F9A100A6395B /* Supporting Files */ = {
			isa = PBXGroup;
			children = (
				B87F30D21A98F9A100A6395B /* Info.plist */,
			);
			name = "Supporting Files";
			sourceTree = "<group>";
		};
/* End PBXGroup section */

/* Begin PBXNativeTarget section */
		B87F30B31A98F9A100A6395B /* Tannn */ = {
			isa = PBXNativeTarget;
			buildConfigurationList = B87F30D71A98F9A100A6395B /* Build configuration list for PBXNativeTarget "Tannn" */;
			buildPhases = (
				B87F30B01A98F9A100A6395B /* Sources */,
				B87F30B11A98F9A100A6395B /* Frameworks */,
				B87F30B21A98F9A100A6395B /* Resources */,
			);
			buildRules = (
			);
			dependencies = (
			);
			name = Tannn;
			productName = Tannn;
			productReference = B87F30B41A98F9A100A6395B /* Tannn.app */;
			productType = "com.apple.product-type.application";
		};
		B87F30CC1A98F9A100A6395B /* TannnTests */ = {
			isa = PBXNativeTarget;
			buildConfigurationList = B87F30DA1A98F9A100A6395B /* Build configuration list for PBXNativeTarget "TannnTests" */;
			buildPhases = (
				B87F30C91A98F9A100A6395B /* Sources */,
				B87F30CA1A98F9A100A6395B /* Frameworks */,
				B87F30CB1A98F9A100A6395B /* Resources */,
			);
			buildRules = (
			);
			dependencies = (
				B87F30CF1A98F9A100A6395B /* PBXTargetDependency */,
			);
			name = TannnTests;
			productName = TannnTests;
			productReference = B87F30CD1A98F9A100A6395B /* TannnTests.xctest */;
			productType = "com.apple.product-type.bundle.unit-test";
		};
/* End PBXNativeTarget section */

/* Begin PBXProject section */
		B87F30AC1A98F9A100A6395B /* Project object */ = {
			isa = PBXProject;
			attributes = {
				LastUpgradeCheck = 0610;
				ORGANIZATIONNAME = wildyao;
				TargetAttributes = {
					B87F30B31A98F9A100A6395B = {
						CreatedOnToolsVersion = 6.1;
					};
					B87F30CC1A98F9A100A6395B = {
						CreatedOnToolsVersion = 6.1;
						TestTargetID = B87F30B31A98F9A100A6395B;
					};
				};
			};
			buildConfigurationList = B87F30AF1A98F9A100A6395B /* Build configuration list for PBXProject "Tannn" */;
			compatibilityVersion = "Xcode 3.2";
			developmentRegion = English;
			hasScannedForEncodings = 0;
			knownRegions = (
				en,
				Base,
			);
			mainGroup = B87F30AB1A98F9A100A6395B;
			productRefGroup = B87F30B51A98F9A100A6395B /* Products */;
			projectDirPath = "";
			projectRoot = "";
			targets = (
				B87F30B31A98F9A100A6395B /* Tannn */,
				B87F30CC1A98F9A100A6395B /* TannnTests */,
			);
		};
/* End PBXProject section */

/* Begin PBXResourcesBuildPhase section */
		B87F30B21A98F9A100A6395B /* Resources */ = {
			isa = PBXResourcesBuildPhase;
			buildActionMask = 2147483647;
			files = (
				B87F30C81A98F9A100A6395B /* LaunchScreen.xib in Resources */,
				B87F30C51A98F9A100A6395B /* Images.xcassets in Resources */,
			);
			runOnlyForDeploymentPostprocessing = 0;
		};
		B87F30CB1A98F9A100A6395B /* Resources */ = {
			isa = PBXResourcesBuildPhase;
			buildActionMask = 2147483647;
			files = (
			);
			runOnlyForDeploymentPostprocessing = 0;
		};
/* End PBXResourcesBuildPhase section */

/* Begin PBXSourcesBuildPhase section */
		B87F30B01A98F9A100A6395B /* Sources */ = {
			isa = PBXSourcesBuildPhase;
			buildActionMask = 2147483647;
			files = (
				B87F30E81A98FC4400A6395B /* TabViewController.m in Sources */,
				B87F30E21A98FA0D00A6395B /* SecondViewController.m in Sources */,
				B87F30C01A98F9A100A6395B /* ViewController.m in Sources */,
				B87F30BD1A98F9A100A6395B /* AppDelegate.m in Sources */,
				B87F30BA1A98F9A100A6395B /* main.m in Sources */,
				B87F30DF1A98FA0600A6395B /* FirstViewController.m in Sources */,
			);
			runOnlyForDeploymentPostprocessing = 0;
		};
		B87F30C91A98F9A100A6395B /* Sources */ = {
			isa = PBXSourcesBuildPhase;
			buildActionMask = 2147483647;
			files = (
				B87F30D41A98F9A100A6395B /* TannnTests.m in Sources */,
			);
			runOnlyForDeploymentPostprocessing = 0;
		};
/* End PBXSourcesBuildPhase section */

/* Begin PBXTargetDependency section */
		B87F30CF1A98F9A100A6395B /* PBXTargetDependency */ = {
			isa = PBXTargetDependency;
			target = B87F30B31A98F9A100A6395B /* Tannn */;
			targetProxy = B87F30CE1A98F9A100A6395B /* PBXContainerItemProxy */;
		};
/* End PBXTargetDependency section */

/* Begin PBXVariantGroup section */
		B87F30C61A98F9A100A6395B /* LaunchScreen.xib */ = {
			isa = PBXVariantGroup;
			children = (
				B87F30C71A98F9A100A6395B /* Base */,
			);
			name = LaunchScreen.xib;
			sourceTree = "<group>";
		};
/* End PBXVariantGroup section */

/* Begin XCBuildConfiguration section */
		B87F30D51A98F9A100A6395B /* Debug */ = {
			isa = XCBuildConfiguration;
			buildSettings = {
				ALWAYS_SEARCH_USER_PATHS = NO;
				CLANG_CXX_LANGUAGE_STANDARD = "gnu++0x";
				CLANG_CXX_LIBRARY = "libc++";
				CLANG_ENABLE_MODULES = YES;
				CLANG_ENABLE_OBJC_ARC = YES;
				CLANG_WARN_BOOL_CONVERSION = YES;
				CLANG_WARN_CONSTANT_CONVERSION = YES;
				CLANG_WARN_DIRECT_OBJC_ISA_USAGE = YES_ERROR;
				CLANG_WARN_EMPTY_BODY = YES;
				CLANG_WARN_ENUM_CONVERSION = YES;
				CLANG_WARN_INT_CONVERSION = YES;
				CLANG_WARN_OBJC_ROOT_CLASS = YES_ERROR;
				CLANG_WARN_UNREACHABLE_CODE = YES;
				CLANG_WARN__DUPLICATE_METHOD_MATCH = YES;
				"CODE_SIGN_IDENTITY[sdk=iphoneos*]" = "iPhone Developer";
				COPY_PHASE_STRIP = NO;
				ENABLE_STRICT_OBJC_MSGSEND = YES;
				GCC_C_LANGUAGE_STANDARD = gnu99;
				GCC_DYNAMIC_NO_PIC = NO;
				GCC_OPTIMIZATION_LEVEL = 0;
				GCC_PREPROCESSOR_DEFINITIONS = (
					"DEBUG=1",
					"$(inherited)",
				);
				GCC_SYMBOLS_PRIVATE_EXTERN = NO;
				GCC_WARN_64_TO_32_BIT_CONVERSION = YES;
				GCC_WARN_ABOUT_RETURN_TYPE = YES_ERROR;
				GCC_WARN_UNDECLARED_SELECTOR = YES;
				GCC_WARN_UNINITIALIZED_AUTOS = YES_AGGRESSIVE;
				GCC_WARN_UNUSED_FUNCTION = YES;
				GCC_WARN_UNUSED_VARIABLE = YES;
				IPHONEOS_DEPLOYMENT_TARGET = 8.1;
				MTL_ENABLE_DEBUG_INFO = YES;
				ONLY_ACTIVE_ARCH = YES;
				SDKROOT = iphoneos;
			};
			name = Debug;
		};
		B87F30D61A98F9A100A6395B /* Release */ = {
			isa = XCBuildConfiguration;
			buildSettings = {
				ALWAYS_SEARCH_USER_PATHS = NO;
				CLANG_CXX_LANGUAGE_STANDARD = "gnu++0x";
				CLANG_CXX_LIBRARY = "libc++";
				CLANG_ENABLE_MODULES = YES;
				CLANG_ENABLE_OBJC_ARC = YES;
				CLANG_WARN_BOOL_CONVERSION = YES;
				CLANG_WARN_CONSTANT_CONVERSION = YES;
				CLANG_WARN_DIRECT_OBJC_ISA_USAGE = YES_ERROR;
				CLANG_WARN_EMPTY_BODY = YES;
				CLANG_WARN_ENUM_CONVERSION = YES;
				CLANG_WARN_INT_CONVERSION = YES;
				CLANG_WARN_OBJC_ROOT_CLASS = YES_ERROR;
				CLANG_WARN_UNREACHABLE_CODE = YES;
				CLANG_WARN__DUPLICATE_METHOD_MATCH = YES;
				"CODE_SIGN_IDENTITY[sdk=iphoneos*]" = "iPhone Developer";
				COPY_PHASE_STRIP = YES;
				ENABLE_NS_ASSERTIONS = NO;
				ENABLE_STRICT_OBJC_MSGSEND = YES;
				GCC_C_LANGUAGE_STANDARD = gnu99;
				GCC_WARN_64_TO_32_BIT_CONVERSION = YES;
				GCC_WARN_ABOUT_RETURN_TYPE = YES_ERROR;
				GCC_WARN_UNDECLARED_SELECTOR = YES;
				GCC_WARN_UNINITIALIZED_AUTOS = YES_AGGRESSIVE;
				GCC_WARN_UNUSED_FUNCTION = YES;
				GCC_WARN_UNUSED_VARIABLE = YES;
				IPHONEOS_DEPLOYMENT_TARGET = 8.1;
				MTL_ENABLE_DEBUG_INFO = NO;
				SDKROOT = iphoneos;
				VALIDATE_PRODUCT = YES;
			};
			name = Release;
		};
		B87F30D81A98F9A100A6395B /* Debug */ = {
			isa = XCBuildConfiguration;
			buildSettings = {
				ASSETCATALOG_COMPILER_APPICON_NAME = AppIcon;
				INFOPLIST_FILE = Tannn/Info.plist;
				LD_RUNPATH_SEARCH_PATHS = "$(inherited) @executable_path/Frameworks";
				PRODUCT_NAME = "$(TARGET_NAME)";
			};
			name = Debug;
		};
		B87F30D91A98F9A100A6395B /* Release */ = {
			isa = XCBuildConfiguration;
			buildSettings = {
				ASSETCATALOG_COMPILER_APPICON_NAME = AppIcon;
				INFOPLIST_FILE = Tannn/Info.plist;
				LD_RUNPATH_SEARCH_PATHS = "$(inherited) @executable_path/Frameworks";
				PRODUCT_NAME = "$(TARGET_NAME)";
			};
			name = Release;
		};
		B87F30DB1A98F9A100A6395B /* Debug */ = {
			isa = XCBuildConfiguration;
			buildSettings = {
				BUNDLE_LOADER = "$(TEST_HOST)";
				FRAMEWORK_SEARCH_PATHS = (
					"$(SDKROOT)/Developer/Library/Frameworks",
					"$(inherited)",
				);
				GCC_PREPROCESSOR_DEFINITIONS = (
					"DEBUG=1",
					"$(inherited)",
				);
				INFOPLIST_FILE = TannnTests/Info.plist;
				LD_RUNPATH_SEARCH_PATHS = "$(inherited) @executable_path/Frameworks @loader_path/Frameworks";
				PRODUCT_NAME = "$(TARGET_NAME)";
				TEST_HOST = "$(BUILT_PRODUCTS_DIR)/Tannn.app/Tannn";
			};
			name = Debug;
		};
		B87F30DC1A98F9A100A6395B /* Release */ = {
			isa = XCBuildConfiguration;
			buildSettings = {
				BUNDLE_LOADER = "$(TEST_HOST)";
				FRAMEWORK_SEARCH_PATHS = (
					"$(SDKROOT)/Developer/Library/Frameworks",
					"$(inherited)",
				);
				INFOPLIST_FILE = TannnTests/Info.plist;
				LD_RUNPATH_SEARCH_PATHS = "$(inherited) @executable_path/Frameworks @loader_path/Frameworks";
				PRODUCT_NAME = "$(TARGET_NAME)";
				TEST_HOST = "$(BUILT_PRODUCTS_DIR)/Tannn.app/Tannn";
			};
			name = Release;
		};
/* End XCBuildConfiguration section */

/* Begin XCConfigurationList section */
		B87F30AF1A98F9A100A6395B /* Build configuration list for PBXProject "Tannn" */ = {
			isa = XCConfigurationList;
			buildConfigurations = (
				B87F30D51A98F9A100A6395B /* Debug */,
				B87F30D61A98F9A100A6395B /* Release */,
			);
			defaultConfigurationIsVisible = 0;
			defaultConfigurationName = Release;
		};
		B87F30D71A98F9A100A6395B /* Build configuration list for PBXNativeTarget "Tannn" */ = {
			isa = XCConfigurationList;
			buildConfigurations = (
				B87F30D81A98F9A100A6395B /* Debug */,
				B87F30D91A98F9A100A6395B /* Release */,
			);
			defaultConfigurationIsVisible = 0;
		};
		B87F30DA1A98F9A100A6395B /* Build configuration list for PBXNativeTarget "TannnTests" */ = {
			isa = XCConfigurationList;
			buildConfigurations = (
				B87F30DB1A98F9A100A6395B /* Debug */,
				B87F30DC1A98F9A100A6395B /* Release */,
			);
			defaultConfigurationIsVisible = 0;
		};
/* End XCConfigurationList section */
	};
	rootObject = B87F30AC1A98F9A100A6395B /* Project object */;
}
